
Microsoft Visual Studio Solution File, Format Version 12.00
# Visual Studio Version 17
VisualStudioVersion = 17.0.32014.148
MinimumVisualStudioVersion = 10.0.40219.1
Project("{FAE04EC0-301F-11D3-BF4B-00C04F79EFBC}") = "ProductManagment", "ProductManagment\ProductManagment.csproj", "{A8C008DB-E698-42EA-881F-22ED289C682D}"
EndProject
Global
	GlobalSection(SolutionConfigurationPlatforms) = preSolution
		Debug|Any CPU = Debug|Any CPU
		Release|Any CPU = Release|Any CPU
	EndGlobalSection
	GlobalSection(ProjectConfigurationPlatforms) = postSolution
		{A8C008DB-E698-42EA-881F-22ED289C682D}.Debug|Any CPU.ActiveCfg = Debug|Any CPU
		{A8C008DB-E698-42EA-881F-22ED289C682D}.Debug|Any CPU.Build.0 = Debug|Any CPU
		{A8C008DB-E698-42EA-881F-22ED289C682D}.Release|Any CPU.ActiveCfg = Release|Any CPU
		{A8C008DB-E698-42EA-881F-22ED289C682D}.Release|Any CPU.Build.0 = Release|Any CPU
	EndGlobalSection
	GlobalSection(SolutionProperties) = preSolution
		HideSolutionNode = FALSE
	EndGlobalSection
	GlobalSection(ExtensibilityGlobals) = postSolution
		SolutionGuid = {4D5678A6-CC5D-491B-B646-26D54DC28824}
	EndGlobalSection
EndGlobal
